
Microsoft Visual Studio Solution File, Format Version 12.00
# Visual Studio 14
VisualStudioVersion = 14.0.25420.1
MinimumVisualStudioVersion = 10.0.40219.1
Project("{FAE04EC0-301F-11D3-BF4B-00C04F79EFBC}") = "Bingo.Presentacion", "Presentacion\Bingo.Presentacion.csproj", "{17894A5B-4D23-4E06-90CB-4799C36109A4}"
EndProject
Project("{FAE04EC0-301F-11D3-BF4B-00C04F79EFBC}") = "Bingo.LogicaNegocios", "LogicaNegocios\Bingo.LogicaNegocios.csproj", "{5A7FFDEC-351A-4EC7-AF6D-2B43D334E1C7}"
EndProject
Project("{FAE04EC0-301F-11D3-BF4B-00C04F79EFBC}") = "Temporal", "ConsoleApplication1\Temporal.csproj", "{1ECCBCC4-B0A8-4847-9BC1-0342268C05DD}"
EndProject
Project("{FAE04EC0-301F-11D3-BF4B-00C04F79EFBC}") = "Bingo.UnitTesting", "Bingo.UnitTesting\Bingo.UnitTesting.csproj", "{83D4050A-C47D-43FF-91F6-8DAD9C84D310}"
EndProject
Project("{FAE04EC0-301F-11D3-BF4B-00C04F79EFBC}") = "Bingo.LogicaNegocios.WCF", "Logic.Negocios.WCF\Bingo.LogicaNegocios.WCF.csproj", "{EAE11B10-AE2A-4200-BEE0-9D16877719AB}"
EndProject
Global
	GlobalSection(SolutionConfigurationPlatforms) = preSolution
		Debug|Any CPU = Debug|Any CPU
		Release|Any CPU = Release|Any CPU
	EndGlobalSection
	GlobalSection(ProjectConfigurationPlatforms) = postSolution
		{17894A5B-4D23-4E06-90CB-4799C36109A4}.Debug|Any CPU.ActiveCfg = Debug|Any CPU
		{17894A5B-4D23-4E06-90CB-4799C36109A4}.Debug|Any CPU.Build.0 = Debug|Any CPU
		{17894A5B-4D23-4E06-90CB-4799C36109A4}.Release|Any CPU.ActiveCfg = Release|Any CPU
		{17894A5B-4D23-4E06-90CB-4799C36109A4}.Release|Any CPU.Build.0 = Release|Any CPU
		{5A7FFDEC-351A-4EC7-AF6D-2B43D334E1C7}.Debug|Any CPU.ActiveCfg = Debug|Any CPU
		{5A7FFDEC-351A-4EC7-AF6D-2B43D334E1C7}.Debug|Any CPU.Build.0 = Debug|Any CPU
		{5A7FFDEC-351A-4EC7-AF6D-2B43D334E1C7}.Release|Any CPU.ActiveCfg = Release|Any CPU
		{5A7FFDEC-351A-4EC7-AF6D-2B43D334E1C7}.Release|Any CPU.Build.0 = Release|Any CPU
		{1ECCBCC4-B0A8-4847-9BC1-0342268C05DD}.Debug|Any CPU.ActiveCfg = Debug|Any CPU
		{1ECCBCC4-B0A8-4847-9BC1-0342268C05DD}.Debug|Any CPU.Build.0 = Debug|Any CPU
		{1ECCBCC4-B0A8-4847-9BC1-0342268C05DD}.Release|Any CPU.ActiveCfg = Release|Any CPU
		{1ECCBCC4-B0A8-4847-9BC1-0342268C05DD}.Release|Any CPU.Build.0 = Release|Any CPU
		{83D4050A-C47D-43FF-91F6-8DAD9C84D310}.Debug|Any CPU.ActiveCfg = Debug|Any CPU
		{83D4050A-C47D-43FF-91F6-8DAD9C84D310}.Debug|Any CPU.Build.0 = Debug|Any CPU
		{83D4050A-C47D-43FF-91F6-8DAD9C84D310}.Release|Any CPU.ActiveCfg = Release|Any CPU
		{83D4050A-C47D-43FF-91F6-8DAD9C84D310}.Release|Any CPU.Build.0 = Release|Any CPU
		{EAE11B10-AE2A-4200-BEE0-9D16877719AB}.Debug|Any CPU.ActiveCfg = Debug|Any CPU
		{EAE11B10-AE2A-4200-BEE0-9D16877719AB}.Debug|Any CPU.Build.0 = Debug|Any CPU
		{EAE11B10-AE2A-4200-BEE0-9D16877719AB}.Release|Any CPU.ActiveCfg = Release|Any CPU
		{EAE11B10-AE2A-4200-BEE0-9D16877719AB}.Release|Any CPU.Build.0 = Release|Any CPU
	EndGlobalSection
	GlobalSection(SolutionProperties) = preSolution
		HideSolutionNode = FALSE
	EndGlobalSection
EndGlobal
